
Microsoft Visual Studio Solution File, Format Version 12.00
# Visual Studio 2017
Project("{FAE04EC0-301F-11D3-BF4B-00C04F79EFBC}") = "TestAsset", "TestAsset.csproj", "{DAA7934E-017D-3F75-3182-58DDC8A6986A}"
EndProject
Project("{FAE04EC0-301F-11D3-BF4B-00C04F79EFBC}") = "TestAsset.Editor", "TestAsset.Editor.csproj", "{1A2D90ED-842D-2871-2012-C29C98B574CB}"
EndProject
Global
	GlobalSection(SolutionConfigurationPlatforms) = preSolution
		Debug|Any CPU = Debug|Any CPU
		Release|Any CPU = Release|Any CPU
	EndGlobalSection
	GlobalSection(ProjectConfigurationPlatforms) = postSolution
		{DAA7934E-017D-3F75-3182-58DDC8A6986A}.Debug|Any CPU.ActiveCfg = Debug|Any CPU
		{DAA7934E-017D-3F75-3182-58DDC8A6986A}.Debug|Any CPU.Build.0 = Debug|Any CPU
		{DAA7934E-017D-3F75-3182-58DDC8A6986A}.Release|Any CPU.ActiveCfg = Release|Any CPU
		{DAA7934E-017D-3F75-3182-58DDC8A6986A}.Release|Any CPU.Build.0 = Release|Any CPU
		{1A2D90ED-842D-2871-2012-C29C98B574CB}.Debug|Any CPU.ActiveCfg = Debug|Any CPU
		{1A2D90ED-842D-2871-2012-C29C98B574CB}.Debug|Any CPU.Build.0 = Debug|Any CPU
		{1A2D90ED-842D-2871-2012-C29C98B574CB}.Release|Any CPU.ActiveCfg = Release|Any CPU
		{1A2D90ED-842D-2871-2012-C29C98B574CB}.Release|Any CPU.Build.0 = Release|Any CPU
	EndGlobalSection
	GlobalSection(SolutionProperties) = preSolution
		HideSolutionNode = FALSE
	EndGlobalSection
EndGlobal
